{
  "name": "create-yawuxi-app",
  "version": "1.0.4",
  "lockfileVersion": 2,
  "requires": true,
  "packages": {
    "": {
      "name": "create-yawuxi-app",
      "version": "1.0.4",
      "license": "ISC",
      "dependencies": {
        "chalk": "^5.2.0",
        "cross-spawn": "^7.0.3"
      },
      "bin": {
        "create-yawuxi-app": "index.js"
      }
    },
    "node_modules/chalk": {
      "version": "5.2.0",
      "resolved": "https://registry.npmjs.org/chalk/-/chalk-5.2.0.tgz",
      "integrity": "sha512-ree3Gqw/nazQAPuJJEy+avdl7QfZMcUvmHIKgEZkGL+xOBzRvup5Hxo6LHuMceSxOabuJLJm5Yp/92R9eMmMvA==",
      "engines": {
        "node": "^12.17.0 || ^14.13 || >=16.0.0"
      },
      "funding": {
        "url": "https://github.com/chalk/chalk?sponsor=1"
      }
    },
    "node_modules/cross-spawn": {
      "version": "7.0.3",
      "resolved": "https://registry.npmjs.org/cross-spawn/-/cross-spawn-7.0.3.tgz",
      "integrity": "sha512-iRDPJKUPVEND7dHPO8rkbOnPpyDygcDFtWjpeWNCgy8WP2rXcxXL8TskReQl6OrB2G7+UJrags1q15Fudc7G6w==",
      "dependencies": {
        "path-key": "^3.1.0",
        "shebang-command": "^2.0.0",
        "which": "^2.0.1"
      },
      "engines": {
        "node": ">= 8"
      }
    },
    "node_modules/isexe": {
      "version": "2.0.0",
      "resolved": "https://registry.npmjs.org/isexe/-/isexe-2.0.0.tgz",
      "integrity": "sha512-RHxMLp9lnKHGHRng9QFhRCMbYAcVpn69smSGcq3f36xjgVVWThj4qqLbTLlq7Ssj8B+fIQ1EuCEGI2lKsyQeIw=="
    },
    "node_modules/path-key": {
      "version": "3.1.1",
      "resolved": "https://registry.npmjs.org/path-key/-/path-key-3.1.1.tgz",
      "integrity": "sha512-ojmeN0qd+y0jszEtoY48r0Peq5dwMEkIlCOu6Q5f41lfkswXuKtYrhgoTpLnyIcHm24Uhqx+5Tqm2InSwLhE6Q==",
      "engines": {
        "node": ">=8"
      }
    },
    "node_modules/shebang-command": {
      "version": "2.0.0",
      "resolved": "https://registry.npmjs.org/shebang-command/-/shebang-command-2.0.0.tgz",
      "integrity": "sha512-kHxr2zZpYtdmrN1qDjrrX/Z1rR1kG8Dx+gkpK1G4eXmvXswmcE1hTWBWYUzlraYw1/yZp6YuDY77YtvbN0dmDA==",
      "dependencies": {
        "shebang-regex": "^3.0.0"
      },
      "engines": {
        "node": ">=8"
      }
    },
    "node_modules/shebang-regex": {
      "version": "3.0.0",
      "resolved": "https://registry.npmjs.org/shebang-regex/-/shebang-regex-3.0.0.tgz",
      "integrity": "sha512-7++dFhtcx3353uBaq8DDR4NuxBetBzC7ZQOhmTQInHEd6bSrXdiEyzCvG07Z44UYdLShWUyXt5M/yhz8ekcb1A==",
      "engines": {
        "node": ">=8"
      }
    },
    "node_modules/which": {
      "version": "2.0.2",
      "resolved": "https://registry.npmjs.org/which/-/which-2.0.2.tgz",
      "integrity": "sha512-BLI3Tl1TW3Pvl70l3yq3Y64i+awpwXqsGBYWkkqMtnbXgrMD+yj7rhW0kuEDxzJaYXGjEW5ogapKNMEKNMjibA==",
      "dependencies": {
        "isexe": "^2.0.0"
      },
      "bin": {
        "node-which": "bin/node-which"
      },
      "engines": {
        "node": ">= 8"
      }
    },
    "test": {
      "version": "1.0.0",
      "extraneous": true,
      "license": "ISC",
      "dependencies": {
        "@reduxjs/toolkit": "^1.9.0",
        "react": "^18.2.0",
        "react-dom": "^18.2.0",
        "react-redux": "^8.0.5"
      },
      "devDependencies": {
        "@babel/cli": "^7.19.3",
        "@babel/core": "^7.20.2",
        "@babel/preset-env": "^7.20.2",
        "@babel/preset-react": "^7.18.6",
        "@babel/preset-typescript": "^7.18.6",
        "@types/react": "^18.0.25",
        "@types/react-dom": "^18.0.8",
        "@typescript-eslint/eslint-plugin": "^5.42.1",
        "@typescript-eslint/parser": "^5.42.1",
        "babel-loader": "^9.1.0",
        "clean-webpack-plugin": "^4.0.0",
        "copy-webpack-plugin": "^11.0.0",
        "core-js": "^3.26.0",
        "css-loader": "^6.7.1",
        "css-minimizer-webpack-plugin": "^4.2.2",
        "eslint": "^8.27.0",
        "eslint-config-prettier": "^8.5.0",
        "eslint-config-react-app": "^7.0.1",
        "eslint-plugin-react": "^7.31.11",
        "eslint-plugin-react-hooks": "^4.6.0",
        "eslint-webpack-plugin": "^3.2.0",
        "file-loader": "^6.2.0",
        "html-minimizer-webpack-plugin": "^4.3.0",
        "html-webpack-plugin": "^5.5.0",
        "prettier": "2.8.1",
        "sass": "^1.56.1",
        "sass-loader": "^13.2.0",
        "style-loader": "^3.3.1",
        "terser-webpack-plugin": "^5.3.6",
        "ts-loader": "^9.4.1",
        "typescript": "^4.8.4",
        "webpack": "^5.75.0",
        "webpack-cli": "^4.10.0",
        "webpack-dev-server": "^4.11.1"
      }
    },
    "yawuxi-test": {
      "name": "webpack-build",
      "version": "1.0.0",
      "extraneous": true,
      "license": "ISC",
      "dependencies": {
        "@reduxjs/toolkit": "^1.9.0",
        "react": "^18.2.0",
        "react-dom": "^18.2.0",
        "react-redux": "^8.0.5"
      },
      "devDependencies": {
        "@babel/cli": "^7.19.3",
        "@babel/core": "^7.20.2",
        "@babel/preset-env": "^7.20.2",
        "@babel/preset-react": "^7.18.6",
        "@babel/preset-typescript": "^7.18.6",
        "@types/react": "^18.0.25",
        "@types/react-dom": "^18.0.8",
        "@typescript-eslint/eslint-plugin": "^5.42.1",
        "@typescript-eslint/parser": "^5.42.1",
        "babel-loader": "^9.1.0",
        "clean-webpack-plugin": "^4.0.0",
        "copy-webpack-plugin": "^11.0.0",
        "core-js": "^3.26.0",
        "css-loader": "^6.7.1",
        "css-minimizer-webpack-plugin": "^4.2.2",
        "eslint": "^8.27.0",
        "eslint-config-prettier": "^8.5.0",
        "eslint-config-react-app": "^7.0.1",
        "eslint-plugin-react": "^7.31.11",
        "eslint-plugin-react-hooks": "^4.6.0",
        "eslint-webpack-plugin": "^3.2.0",
        "file-loader": "^6.2.0",
        "html-minimizer-webpack-plugin": "^4.3.0",
        "html-webpack-plugin": "^5.5.0",
        "prettier": "2.8.1",
        "sass": "^1.56.1",
        "sass-loader": "^13.2.0",
        "style-loader": "^3.3.1",
        "terser-webpack-plugin": "^5.3.6",
        "ts-loader": "^9.4.1",
        "typescript": "^4.8.4",
        "webpack": "^5.75.0",
        "webpack-cli": "^4.10.0",
        "webpack-dev-server": "^4.11.1"
      }
    }
  },
  "dependencies": {
    "chalk": {
      "version": "5.2.0",
      "resolved": "https://registry.npmjs.org/chalk/-/chalk-5.2.0.tgz",
      "integrity": "sha512-ree3Gqw/nazQAPuJJEy+avdl7QfZMcUvmHIKgEZkGL+xOBzRvup5Hxo6LHuMceSxOabuJLJm5Yp/92R9eMmMvA=="
    },
    "cross-spawn": {
      "version": "7.0.3",
      "resolved": "https://registry.npmjs.org/cross-spawn/-/cross-spawn-7.0.3.tgz",
      "integrity": "sha512-iRDPJKUPVEND7dHPO8rkbOnPpyDygcDFtWjpeWNCgy8WP2rXcxXL8TskReQl6OrB2G7+UJrags1q15Fudc7G6w==",
      "requires": {
        "path-key": "^3.1.0",
        "shebang-command": "^2.0.0",
        "which": "^2.0.1"
      }
    },
    "isexe": {
      "version": "2.0.0",
      "resolved": "https://registry.npmjs.org/isexe/-/isexe-2.0.0.tgz",
      "integrity": "sha512-RHxMLp9lnKHGHRng9QFhRCMbYAcVpn69smSGcq3f36xjgVVWThj4qqLbTLlq7Ssj8B+fIQ1EuCEGI2lKsyQeIw=="
    },
    "path-key": {
      "version": "3.1.1",
      "resolved": "https://registry.npmjs.org/path-key/-/path-key-3.1.1.tgz",
      "integrity": "sha512-ojmeN0qd+y0jszEtoY48r0Peq5dwMEkIlCOu6Q5f41lfkswXuKtYrhgoTpLnyIcHm24Uhqx+5Tqm2InSwLhE6Q=="
    },
    "shebang-command": {
      "version": "2.0.0",
      "resolved": "https://registry.npmjs.org/shebang-command/-/shebang-command-2.0.0.tgz",
      "integrity": "sha512-kHxr2zZpYtdmrN1qDjrrX/Z1rR1kG8Dx+gkpK1G4eXmvXswmcE1hTWBWYUzlraYw1/yZp6YuDY77YtvbN0dmDA==",
      "requires": {
        "shebang-regex": "^3.0.0"
      }
    },
    "shebang-regex": {
      "version": "3.0.0",
      "resolved": "https://registry.npmjs.org/shebang-regex/-/shebang-regex-3.0.0.tgz",
      "integrity": "sha512-7++dFhtcx3353uBaq8DDR4NuxBetBzC7ZQOhmTQInHEd6bSrXdiEyzCvG07Z44UYdLShWUyXt5M/yhz8ekcb1A=="
    },
    "which": {
      "version": "2.0.2",
      "resolved": "https://registry.npmjs.org/which/-/which-2.0.2.tgz",
      "integrity": "sha512-BLI3Tl1TW3Pvl70l3yq3Y64i+awpwXqsGBYWkkqMtnbXgrMD+yj7rhW0kuEDxzJaYXGjEW5ogapKNMEKNMjibA==",
      "requires": {
        "isexe": "^2.0.0"
      }
    }
  }
}
